
Microsoft Visual Studio Solution File, Format Version 12.00
# Visual Studio Version 16
VisualStudioVersion = 16.0.29613.14
MinimumVisualStudioVersion = 10.0.40219.1
Project("{FAE04EC0-301F-11D3-BF4B-00C04F79EFBC}") = "Program Calculating Qadratic Equation", "Program Calculating Qadratic Equation\Program Calculating Qadratic Equation.csproj", "{6D7237C3-080B-4C55-8B1A-F002352CD62D}"
EndProject
Global
	GlobalSection(SolutionConfigurationPlatforms) = preSolution
		Debug|Any CPU = Debug|Any CPU
		Release|Any CPU = Release|Any CPU
	EndGlobalSection
	GlobalSection(ProjectConfigurationPlatforms) = postSolution
		{6D7237C3-080B-4C55-8B1A-F002352CD62D}.Debug|Any CPU.ActiveCfg = Debug|Any CPU
		{6D7237C3-080B-4C55-8B1A-F002352CD62D}.Debug|Any CPU.Build.0 = Debug|Any CPU
		{6D7237C3-080B-4C55-8B1A-F002352CD62D}.Release|Any CPU.ActiveCfg = Release|Any CPU
		{6D7237C3-080B-4C55-8B1A-F002352CD62D}.Release|Any CPU.Build.0 = Release|Any CPU
	EndGlobalSection
	GlobalSection(SolutionProperties) = preSolution
		HideSolutionNode = FALSE
	EndGlobalSection
	GlobalSection(ExtensibilityGlobals) = postSolution
		SolutionGuid = {41A107EA-9504-4361-AFCF-49753094DA04}
	EndGlobalSection
EndGlobal
